
Microsoft Visual Studio Solution File, Format Version 12.00
# Visual Studio Version 16
VisualStudioVersion = 16.0.30907.101
MinimumVisualStudioVersion = 10.0.40219.1
Project("{9A19103F-16F7-4668-BE54-9A1E7A4F7556}") = "BlazorNotify", "src\lib\BlazorNotify\BlazorNotify\BlazorNotify.csproj", "{5B3374CE-158E-4245-9815-1270C84A7748}"
EndProject
Project("{2150E333-8FDC-42A3-9474-1A3956D46DE8}") = "Samples", "Samples", "{7529C7F9-EB00-4036-9256-EEFB9E914C86}"
EndProject
Project("{9A19103F-16F7-4668-BE54-9A1E7A4F7556}") = "BlazorNotifySample", "src\sample\BlazorNotifySample\BlazorNotifySample.csproj", "{B1D68AE4-8A76-48DB-A7FD-81F28F76773B}"
EndProject
Project("{9A19103F-16F7-4668-BE54-9A1E7A4F7556}") = "BlazorNotifyConsole", "src\sample\BlazorNotifyConsole\BlazorNotifyConsole.csproj", "{AECACD93-D014-4C05-9A16-5729B381CF08}"
EndProject
Project("{2150E333-8FDC-42A3-9474-1A3956D46DE8}") = "etc", "etc", "{3530B8F7-2431-4380-8B7F-F49E7E160A07}"
	ProjectSection(SolutionItems) = preProject
		LICENSE = LICENSE
		README.md = README.md
	EndProjectSection
EndProject
Global
	GlobalSection(SolutionConfigurationPlatforms) = preSolution
		Debug|Any CPU = Debug|Any CPU
		Release|Any CPU = Release|Any CPU
	EndGlobalSection
	GlobalSection(ProjectConfigurationPlatforms) = postSolution
		{5B3374CE-158E-4245-9815-1270C84A7748}.Debug|Any CPU.ActiveCfg = Debug|Any CPU
		{5B3374CE-158E-4245-9815-1270C84A7748}.Debug|Any CPU.Build.0 = Debug|Any CPU
		{5B3374CE-158E-4245-9815-1270C84A7748}.Release|Any CPU.ActiveCfg = Release|Any CPU
		{5B3374CE-158E-4245-9815-1270C84A7748}.Release|Any CPU.Build.0 = Release|Any CPU
		{B1D68AE4-8A76-48DB-A7FD-81F28F76773B}.Debug|Any CPU.ActiveCfg = Debug|Any CPU
		{B1D68AE4-8A76-48DB-A7FD-81F28F76773B}.Debug|Any CPU.Build.0 = Debug|Any CPU
		{B1D68AE4-8A76-48DB-A7FD-81F28F76773B}.Release|Any CPU.ActiveCfg = Release|Any CPU
		{B1D68AE4-8A76-48DB-A7FD-81F28F76773B}.Release|Any CPU.Build.0 = Release|Any CPU
		{AECACD93-D014-4C05-9A16-5729B381CF08}.Debug|Any CPU.ActiveCfg = Debug|Any CPU
		{AECACD93-D014-4C05-9A16-5729B381CF08}.Debug|Any CPU.Build.0 = Debug|Any CPU
		{AECACD93-D014-4C05-9A16-5729B381CF08}.Release|Any CPU.ActiveCfg = Release|Any CPU
		{AECACD93-D014-4C05-9A16-5729B381CF08}.Release|Any CPU.Build.0 = Release|Any CPU
	EndGlobalSection
	GlobalSection(SolutionProperties) = preSolution
		HideSolutionNode = FALSE
	EndGlobalSection
	GlobalSection(NestedProjects) = preSolution
		{B1D68AE4-8A76-48DB-A7FD-81F28F76773B} = {7529C7F9-EB00-4036-9256-EEFB9E914C86}
		{AECACD93-D014-4C05-9A16-5729B381CF08} = {7529C7F9-EB00-4036-9256-EEFB9E914C86}
	EndGlobalSection
	GlobalSection(ExtensibilityGlobals) = postSolution
		SolutionGuid = {DD6283F7-C41F-4E42-94A3-318C6BD66EB9}
	EndGlobalSection
EndGlobal
